
Microsoft Visual Studio Solution File, Format Version 12.00
# Visual Studio Version 16
VisualStudioVersion = 16.0.30204.135
MinimumVisualStudioVersion = 10.0.40219.1
Project("{FAE04EC0-301F-11D3-BF4B-00C04F79EFBC}") = "AreaTriangulo", "AreaTriangulo\AreaTriangulo.csproj", "{1658467F-AE15-4735-BD28-BB013F80441C}"
EndProject
Global
	GlobalSection(SolutionConfigurationPlatforms) = preSolution
		Debug|Any CPU = Debug|Any CPU
		Release|Any CPU = Release|Any CPU
	EndGlobalSection
	GlobalSection(ProjectConfigurationPlatforms) = postSolution
		{1658467F-AE15-4735-BD28-BB013F80441C}.Debug|Any CPU.ActiveCfg = Debug|Any CPU
		{1658467F-AE15-4735-BD28-BB013F80441C}.Debug|Any CPU.Build.0 = Debug|Any CPU
		{1658467F-AE15-4735-BD28-BB013F80441C}.Release|Any CPU.ActiveCfg = Release|Any CPU
		{1658467F-AE15-4735-BD28-BB013F80441C}.Release|Any CPU.Build.0 = Release|Any CPU
	EndGlobalSection
	GlobalSection(SolutionProperties) = preSolution
		HideSolutionNode = FALSE
	EndGlobalSection
	GlobalSection(ExtensibilityGlobals) = postSolution
		SolutionGuid = {C10E5BF5-2CC9-4C4F-8DEA-A58C422B6B3B}
	EndGlobalSection
EndGlobal
